// !$*UTF8*$!
{
	archiveVersion = 1;
	classes = {
	};
	objectVersion = 56;
	objects = {

/* Begin PBXBuildFile section */
		1A1B4F88298B46DA006377E4 /* main.swift in Sources */ = {isa = PBXBuildFile; fileRef = 1A1B4F87298B46DA006377E4 /* main.swift */; };
		1A1B4F8F298B4775006377E4 /* IsPurchaseable.swift in Sources */ = {isa = PBXBuildFile; fileRef = 1A1B4F8E298B4775006377E4 /* IsPurchaseable.swift */; };
		1A1B4F91298B47BF006377E4 /* Item.swift in Sources */ = {isa = PBXBuildFile; fileRef = 1A1B4F90298B47BF006377E4 /* Item.swift */; };
		1A1B4F93298B47CB006377E4 /* Store.swift in Sources */ = {isa = PBXBuildFile; fileRef = 1A1B4F92298B47CB006377E4 /* Store.swift */; };
		1A1B4F95298B47D7006377E4 /* Customer.swift in Sources */ = {isa = PBXBuildFile; fileRef = 1A1B4F94298B47D7006377E4 /* Customer.swift */; };
		1A1B4F99298B47EF006377E4 /* Game.swift in Sources */ = {isa = PBXBuildFile; fileRef = 1A1B4F98298B47EF006377E4 /* Game.swift */; };
		1A1B4F9B298B47FA006377E4 /* Movie.swift in Sources */ = {isa = PBXBuildFile; fileRef = 1A1B4F9A298B47FA006377E4 /* Movie.swift */; };
		1A1B4F9D298B4AB9006377E4 /* OwnedItem.swift in Sources */ = {isa = PBXBuildFile; fileRef = 1A1B4F9C298B4AB9006377E4 /* OwnedItem.swift */; };
/* End PBXBuildFile section */

/* Begin PBXCopyFilesBuildPhase section */
		1A1B4F82298B46DA006377E4 /* CopyFiles */ = {
			isa = PBXCopyFilesBuildPhase;
			buildActionMask = 2147483647;
			dstPath = /usr/share/man/man1/;
			dstSubfolderSpec = 0;
			files = (
			);
			runOnlyForDeploymentPostprocessing = 1;
		};
/* End PBXCopyFilesBuildPhase section */

/* Begin PBXFileReference section */
		1A1B4F84298B46DA006377E4 /* Group9_Store */ = {isa = PBXFileReference; explicitFileType = "compiled.mach-o.executable"; includeInIndex = 0; path = Group9_Store; sourceTree = BUILT_PRODUCTS_DIR; };
		1A1B4F87298B46DA006377E4 /* main.swift */ = {isa = PBXFileReference; lastKnownFileType = sourcecode.swift; path = main.swift; sourceTree = "<group>"; };
		1A1B4F8E298B4775006377E4 /* IsPurchaseable.swift */ = {isa = PBXFileReference; lastKnownFileType = sourcecode.swift; path = IsPurchaseable.swift; sourceTree = "<group>"; };
		1A1B4F90298B47BF006377E4 /* Item.swift */ = {isa = PBXFileReference; lastKnownFileType = sourcecode.swift; path = Item.swift; sourceTree = "<group>"; };
		1A1B4F92298B47CB006377E4 /* Store.swift */ = {isa = PBXFileReference; lastKnownFileType = sourcecode.swift; path = Store.swift; sourceTree = "<group>"; };
		1A1B4F94298B47D7006377E4 /* Customer.swift */ = {isa = PBXFileReference; lastKnownFileType = sourcecode.swift; path = Customer.swift; sourceTree = "<group>"; };
		1A1B4F98298B47EF006377E4 /* Game.swift */ = {isa = PBXFileReference; lastKnownFileType = sourcecode.swift; path = Game.swift; sourceTree = "<group>"; };
		1A1B4F9A298B47FA006377E4 /* Movie.swift */ = {isa = PBXFileReference; lastKnownFileType = sourcecode.swift; path = Movie.swift; sourceTree = "<group>"; };
		1A1B4F9C298B4AB9006377E4 /* OwnedItem.swift */ = {isa = PBXFileReference; lastKnownFileType = sourcecode.swift; path = OwnedItem.swift; sourceTree = "<group>"; };
/* End PBXFileReference section */

/* Begin PBXFrameworksBuildPhase section */
		1A1B4F81298B46DA006377E4 /* Frameworks */ = {
			isa = PBXFrameworksBuildPhase;
			buildActionMask = 2147483647;
			files = (
			);
			runOnlyForDeploymentPostprocessing = 0;
		};
/* End PBXFrameworksBuildPhase section */

/* Begin PBXGroup section */
		1A1B4F7B298B46DA006377E4 = {
			isa = PBXGroup;
			children = (
				1A1B4F86298B46DA006377E4 /* Group9_Store */,
				1A1B4F85298B46DA006377E4 /* Products */,
			);
			sourceTree = "<group>";
		};
		1A1B4F85298B46DA006377E4 /* Products */ = {
			isa = PBXGroup;
			children = (
				1A1B4F84298B46DA006377E4 /* Group9_Store */,
			);
			name = Products;
			sourceTree = "<group>";
		};
		1A1B4F86298B46DA006377E4 /* Group9_Store */ = {
			isa = PBXGroup;
			children = (
				1A1B4F87298B46DA006377E4 /* main.swift */,
				1A1B4F8E298B4775006377E4 /* IsPurchaseable.swift */,
				1A1B4F90298B47BF006377E4 /* Item.swift */,
				1A1B4F9C298B4AB9006377E4 /* OwnedItem.swift */,
				1A1B4F98298B47EF006377E4 /* Game.swift */,
				1A1B4F9A298B47FA006377E4 /* Movie.swift */,
				1A1B4F94298B47D7006377E4 /* Customer.swift */,
				1A1B4F92298B47CB006377E4 /* Store.swift */,
			);
			path = Group9_Store;
			sourceTree = "<group>";
		};
/* End PBXGroup section */

/* Begin PBXNativeTarget section */
		1A1B4F83298B46DA006377E4 /* Group9_Store */ = {
			isa = PBXNativeTarget;
			buildConfigurationList = 1A1B4F8B298B46DA006377E4 /* Build configuration list for PBXNativeTarget "Group9_Store" */;
			buildPhases = (
				1A1B4F80298B46DA006377E4 /* Sources */,
				1A1B4F81298B46DA006377E4 /* Frameworks */,
				1A1B4F82298B46DA006377E4 /* CopyFiles */,
			);
			buildRules = (
			);
			dependencies = (
			);
			name = Group9_Store;
			productName = Group9_Store;
			productReference = 1A1B4F84298B46DA006377E4 /* Group9_Store */;
			productType = "com.apple.product-type.tool";
		};
/* End PBXNativeTarget section */

/* Begin PBXProject section */
		1A1B4F7C298B46DA006377E4 /* Project object */ = {
			isa = PBXProject;
			attributes = {
				BuildIndependentTargetsInParallel = 1;
				LastSwiftUpdateCheck = 1410;
				LastUpgradeCheck = 1410;
				TargetAttributes = {
					1A1B4F83298B46DA006377E4 = {
						CreatedOnToolsVersion = 14.1;
					};
				};
			};
			buildConfigurationList = 1A1B4F7F298B46DA006377E4 /* Build configuration list for PBXProject "Group9_Store" */;
			compatibilityVersion = "Xcode 14.0";
			developmentRegion = en;
			hasScannedForEncodings = 0;
			knownRegions = (
				en,
				Base,
			);
			mainGroup = 1A1B4F7B298B46DA006377E4;
			productRefGroup = 1A1B4F85298B46DA006377E4 /* Products */;
			projectDirPath = "";
			projectRoot = "";
			targets = (
				1A1B4F83298B46DA006377E4 /* Group9_Store */,
			);
		};
/* End PBXProject section */

/* Begin PBXSourcesBuildPhase section */
		1A1B4F80298B46DA006377E4 /* Sources */ = {
			isa = PBXSourcesBuildPhase;
			buildActionMask = 2147483647;
			files = (
				1A1B4F8F298B4775006377E4 /* IsPurchaseable.swift in Sources */,
				1A1B4F95298B47D7006377E4 /* Customer.swift in Sources */,
				1A1B4F99298B47EF006377E4 /* Game.swift in Sources */,
				1A1B4F91298B47BF006377E4 /* Item.swift in Sources */,
				1A1B4F88298B46DA006377E4 /* main.swift in Sources */,
				1A1B4F9B298B47FA006377E4 /* Movie.swift in Sources */,
				1A1B4F9D298B4AB9006377E4 /* OwnedItem.swift in Sources */,
				1A1B4F93298B47CB006377E4 /* Store.swift in Sources */,
			);
			runOnlyForDeploymentPostprocessing = 0;
		};
/* End PBXSourcesBuildPhase section */

/* Begin XCBuildConfiguration section */
		1A1B4F89298B46DA006377E4 /* Debug */ = {
			isa = XCBuildConfiguration;
			buildSettings = {
				ALWAYS_SEARCH_USER_PATHS = NO;
				CLANG_ANALYZER_NONNULL = YES;
				CLANG_ANALYZER_NUMBER_OBJECT_CONVERSION = YES_AGGRESSIVE;
				CLANG_CXX_LANGUAGE_STANDARD = "gnu++20";
				CLANG_ENABLE_MODULES = YES;
				CLANG_ENABLE_OBJC_ARC = YES;
				CLANG_ENABLE_OBJC_WEAK = YES;
				CLANG_WARN_BLOCK_CAPTURE_AUTORELEASING = YES;
				CLANG_WARN_BOOL_CONVERSION = YES;
				CLANG_WARN_COMMA = YES;
				CLANG_WARN_CONSTANT_CONVERSION = YES;
				CLANG_WARN_DEPRECATED_OBJC_IMPLEMENTATIONS = YES;
				CLANG_WARN_DIRECT_OBJC_ISA_USAGE = YES_ERROR;
				CLANG_WARN_DOCUMENTATION_COMMENTS = YES;
				CLANG_WARN_EMPTY_BODY = YES;
				CLANG_WARN_ENUM_CONVERSION = YES;
				CLANG_WARN_INFINITE_RECURSION = YES;
				CLANG_WARN_INT_CONVERSION = YES;
				CLANG_WARN_NON_LITERAL_NULL_CONVERSION = YES;
				CLANG_WARN_OBJC_IMPLICIT_RETAIN_SELF = YES;
				CLANG_WARN_OBJC_LITERAL_CONVERSION = YES;
				CLANG_WARN_OBJC_ROOT_CLASS = YES_ERROR;
				CLANG_WARN_QUOTED_INCLUDE_IN_FRAMEWORK_HEADER = YES;
				CLANG_WARN_RANGE_LOOP_ANALYSIS = YES;
				CLANG_WARN_STRICT_PROTOTYPES = YES;
				CLANG_WARN_SUSPICIOUS_MOVE = YES;
				CLANG_WARN_UNGUARDED_AVAILABILITY = YES_AGGRESSIVE;
				CLANG_WARN_UNREACHABLE_CODE = YES;
				CLANG_WARN__DUPLICATE_METHOD_MATCH = YES;
				COPY_PHASE_STRIP = NO;
				DEBUG_INFORMATION_FORMAT = dwarf;
				ENABLE_STRICT_OBJC_MSGSEND = YES;
				ENABLE_TESTABILITY = YES;
				GCC_C_LANGUAGE_STANDARD = gnu11;
				GCC_DYNAMIC_NO_PIC = NO;
				GCC_NO_COMMON_BLOCKS = YES;
				GCC_OPTIMIZATION_LEVEL = 0;
				GCC_PREPROCESSOR_DEFINITIONS = (
					"DEBUG=1",
					"$(inherited)",
				);
				GCC_WARN_64_TO_32_BIT_CONVERSION = YES;
				GCC_WARN_ABOUT_RETURN_TYPE = YES_ERROR;
				GCC_WARN_UNDECLARED_SELECTOR = YES;
				GCC_WARN_UNINITIALIZED_AUTOS = YES_AGGRESSIVE;
				GCC_WARN_UNUSED_FUNCTION = YES;
				GCC_WARN_UNUSED_VARIABLE = YES;
				MACOSX_DEPLOYMENT_TARGET = 13.0;
				MTL_ENABLE_DEBUG_INFO = INCLUDE_SOURCE;
				MTL_FAST_MATH = YES;
				ONLY_ACTIVE_ARCH = YES;
				SDKROOT = macosx;
				SWIFT_ACTIVE_COMPILATION_CONDITIONS = DEBUG;
				SWIFT_OPTIMIZATION_LEVEL = "-Onone";
			};
			name = Debug;
		};
		1A1B4F8A298B46DA006377E4 /* Release */ = {
			isa = XCBuildConfiguration;
			buildSettings = {
				ALWAYS_SEARCH_USER_PATHS = NO;
				CLANG_ANALYZER_NONNULL = YES;
				CLANG_ANALYZER_NUMBER_OBJECT_CONVERSION = YES_AGGRESSIVE;
				CLANG_CXX_LANGUAGE_STANDARD = "gnu++20";
				CLANG_ENABLE_MODULES = YES;
				CLANG_ENABLE_OBJC_ARC = YES;
				CLANG_ENABLE_OBJC_WEAK = YES;
				CLANG_WARN_BLOCK_CAPTURE_AUTORELEASING = YES;
				CLANG_WARN_BOOL_CONVERSION = YES;
				CLANG_WARN_COMMA = YES;
				CLANG_WARN_CONSTANT_CONVERSION = YES;
				CLANG_WARN_DEPRECATED_OBJC_IMPLEMENTATIONS = YES;
				CLANG_WARN_DIRECT_OBJC_ISA_USAGE = YES_ERROR;
				CLANG_WARN_DOCUMENTATION_COMMENTS = YES;
				CLANG_WARN_EMPTY_BODY = YES;
				CLANG_WARN_ENUM_CONVERSION = YES;
				CLANG_WARN_INFINITE_RECURSION = YES;
				CLANG_WARN_INT_CONVERSION = YES;
				CLANG_WARN_NON_LITERAL_NULL_CONVERSION = YES;
				CLANG_WARN_OBJC_IMPLICIT_RETAIN_SELF = YES;
				CLANG_WARN_OBJC_LITERAL_CONVERSION = YES;
				CLANG_WARN_OBJC_ROOT_CLASS = YES_ERROR;
				CLANG_WARN_QUOTED_INCLUDE_IN_FRAMEWORK_HEADER = YES;
				CLANG_WARN_RANGE_LOOP_ANALYSIS = YES;
				CLANG_WARN_STRICT_PROTOTYPES = YES;
				CLANG_WARN_SUSPICIOUS_MOVE = YES;
				CLANG_WARN_UNGUARDED_AVAILABILITY = YES_AGGRESSIVE;
				CLANG_WARN_UNREACHABLE_CODE = YES;
				CLANG_WARN__DUPLICATE_METHOD_MATCH = YES;
				COPY_PHASE_STRIP = NO;
				DEBUG_INFORMATION_FORMAT = "dwarf-with-dsym";
				ENABLE_NS_ASSERTIONS = NO;
				ENABLE_STRICT_OBJC_MSGSEND = YES;
				GCC_C_LANGUAGE_STANDARD = gnu11;
				GCC_NO_COMMON_BLOCKS = YES;
				GCC_WARN_64_TO_32_BIT_CONVERSION = YES;
				GCC_WARN_ABOUT_RETURN_TYPE = YES_ERROR;
				GCC_WARN_UNDECLARED_SELECTOR = YES;
				GCC_WARN_UNINITIALIZED_AUTOS = YES_AGGRESSIVE;
				GCC_WARN_UNUSED_FUNCTION = YES;
				GCC_WARN_UNUSED_VARIABLE = YES;
				MACOSX_DEPLOYMENT_TARGET = 13.0;
				MTL_ENABLE_DEBUG_INFO = NO;
				MTL_FAST_MATH = YES;
				SDKROOT = macosx;
				SWIFT_COMPILATION_MODE = wholemodule;
				SWIFT_OPTIMIZATION_LEVEL = "-O";
			};
			name = Release;
		};
		1A1B4F8C298B46DA006377E4 /* Debug */ = {
			isa = XCBuildConfiguration;
			buildSettings = {
				CODE_SIGN_STYLE = Automatic;
				PRODUCT_NAME = "$(TARGET_NAME)";
				SWIFT_VERSION = 5.0;
			};
			name = Debug;
		};
		1A1B4F8D298B46DA006377E4 /* Release */ = {
			isa = XCBuildConfiguration;
			buildSettings = {
				CODE_SIGN_STYLE = Automatic;
				PRODUCT_NAME = "$(TARGET_NAME)";
				SWIFT_VERSION = 5.0;
			};
			name = Release;
		};
/* End XCBuildConfiguration section */

/* Begin XCConfigurationList section */
		1A1B4F7F298B46DA006377E4 /* Build configuration list for PBXProject "Group9_Store" */ = {
			isa = XCConfigurationList;
			buildConfigurations = (
				1A1B4F89298B46DA006377E4 /* Debug */,
				1A1B4F8A298B46DA006377E4 /* Release */,
			);
			defaultConfigurationIsVisible = 0;
			defaultConfigurationName = Release;
		};
		1A1B4F8B298B46DA006377E4 /* Build configuration list for PBXNativeTarget "Group9_Store" */ = {
			isa = XCConfigurationList;
			buildConfigurations = (
				1A1B4F8C298B46DA006377E4 /* Debug */,
				1A1B4F8D298B46DA006377E4 /* Release */,
			);
			defaultConfigurationIsVisible = 0;
			defaultConfigurationName = Release;
		};
/* End XCConfigurationList section */
	};
	rootObject = 1A1B4F7C298B46DA006377E4 /* Project object */;
}
